// !$*UTF8*$!
{
	archiveVersion = 1;
	classes = {
	};
	objectVersion = 56;
	objects = {

/* Begin PBXBuildFile section */
		463471562DAADA41009231FA /* Main.storyboard in Resources */ = {isa = PBXBuildFile; fileRef = FAE000001234567800000009 /* Main.storyboard */; };
		463471582DAADA9C009231FA /* HangmanGameTests.swift in Sources */ = {isa = PBXBuildFile; fileRef = 463471572DAADA9C009231FA /* HangmanGameTests.swift */; };
		FAE000001234567800000001 /* AppDelegate.swift in Sources */ = {isa = PBXBuildFile; fileRef = FAE000001234567800000002 /* AppDelegate.swift */; };
		FAE000001234567800000003 /* SceneDelegate.swift in Sources */ = {isa = PBXBuildFile; fileRef = FAE000001234567800000004 /* SceneDelegate.swift */; };
		FAE000001234567800000005 /* Controller/ViewController.swift in Sources */ = {isa = PBXBuildFile; fileRef = FAE000001234567800000006 /* Controller/ViewController.swift */; };
		FAE00000123456780000000B /* Model/HangmanGame.swift in Sources */ = {isa = PBXBuildFile; fileRef = FAE00000123456780000000C /* Model/HangmanGame.swift */; };
		FAE00000123456780000000D /* Model/WordList.swift in Sources */ = {isa = PBXBuildFile; fileRef = FAE00000123456780000000E /* Model/WordList.swift */; };
/* End PBXBuildFile section */

/* Begin PBXContainerItemProxy section */
		463471612DAADC35009231FA /* PBXContainerItemProxy */ = {
			isa = PBXContainerItemProxy;
			containerPortal = FAE00000123456780000001B /* Project object */;
			proxyType = 1;
			remoteGlobalIDString = FAE000001234567800000017;
			remoteInfo = HangmanIOS;
		};
/* End PBXContainerItemProxy section */

/* Begin PBXFileReference section */
		463471572DAADA9C009231FA /* HangmanGameTests.swift */ = {isa = PBXFileReference; lastKnownFileType = sourcecode.swift; path = HangmanGameTests.swift; sourceTree = SOURCE_ROOT; };
		4634715D2DAADC35009231FA /* HangmanIOSTests.xctest */ = {isa = PBXFileReference; explicitFileType = wrapper.cfbundle; includeInIndex = 0; path = HangmanIOSTests.xctest; sourceTree = BUILT_PRODUCTS_DIR; };
		FAE000001234567800000000 /* HangmanIOS.app */ = {isa = PBXFileReference; explicitFileType = wrapper.application; includeInIndex = 0; path = HangmanIOS.app; sourceTree = BUILT_PRODUCTS_DIR; };
		FAE000001234567800000002 /* AppDelegate.swift */ = {isa = PBXFileReference; lastKnownFileType = sourcecode.swift; path = AppDelegate.swift; sourceTree = "<group>"; };
		FAE000001234567800000004 /* SceneDelegate.swift */ = {isa = PBXFileReference; lastKnownFileType = sourcecode.swift; path = SceneDelegate.swift; sourceTree = "<group>"; };
		FAE000001234567800000006 /* Controller/ViewController.swift */ = {isa = PBXFileReference; lastKnownFileType = sourcecode.swift; path = Controller/ViewController.swift; sourceTree = "<group>"; };
		FAE000001234567800000009 /* Main.storyboard */ = {isa = PBXFileReference; lastKnownFileType = file.storyboard; name = Main.storyboard; path = View/Main.storyboard; sourceTree = "<group>"; };
		FAE00000123456780000000A /* Info.plist */ = {isa = PBXFileReference; lastKnownFileType = text.plist.xml; path = Info.plist; sourceTree = "<group>"; };
		FAE00000123456780000000C /* Model/HangmanGame.swift */ = {isa = PBXFileReference; lastKnownFileType = sourcecode.swift; path = Model/HangmanGame.swift; sourceTree = "<group>"; };
		FAE00000123456780000000E /* Model/WordList.swift */ = {isa = PBXFileReference; lastKnownFileType = sourcecode.swift; path = Model/WordList.swift; sourceTree = "<group>"; };
/* End PBXFileReference section */

/* Begin PBXFileSystemSynchronizedRootGroup section */
		4634715E2DAADC35009231FA /* HangmanIOSTests */ = {isa = PBXFileSystemSynchronizedRootGroup; explicitFileTypes = {}; explicitFolders = (); path = HangmanIOSTests; sourceTree = "<group>"; };
/* End PBXFileSystemSynchronizedRootGroup section */

/* Begin PBXFrameworksBuildPhase section */
		4634715A2DAADC35009231FA /* Frameworks */ = {
			isa = PBXFrameworksBuildPhase;
			buildActionMask = 2147483647;
			files = (
			);
			runOnlyForDeploymentPostprocessing = 0;
		};
		FAE00000123456780000000F /* Frameworks */ = {
			isa = PBXFrameworksBuildPhase;
			buildActionMask = 2147483647;
			files = (
			);
			runOnlyForDeploymentPostprocessing = 0;
		};
/* End PBXFrameworksBuildPhase section */

/* Begin PBXGroup section */
		FAE000001234567800000010 /* Products */ = {
			isa = PBXGroup;
			children = (
				FAE000001234567800000000 /* HangmanIOS.app */,
				4634715D2DAADC35009231FA /* HangmanIOSTests.xctest */,
			);
			name = Products;
			sourceTree = "<group>";
		};
		FAE000001234567800000011 /* HangmanIOS */ = {
			isa = PBXGroup;
			children = (
				FAE000001234567800000012 /* Model */,
				FAE000001234567800000013 /* View */,
				FAE000001234567800000014 /* Controller */,
				FAE000001234567800000015 /* Resources */,
				FAE000001234567800000002 /* AppDelegate.swift */,
				FAE000001234567800000004 /* SceneDelegate.swift */,
				463471572DAADA9C009231FA /* HangmanGameTests.swift */,
				FAE00000123456780000000A /* Info.plist */,
			);
			path = HangmanIOS;
			sourceTree = "<group>";
		};
		FAE000001234567800000012 /* Model */ = {
			isa = PBXGroup;
			children = (
				FAE00000123456780000000C /* Model/HangmanGame.swift */,
				FAE00000123456780000000E /* Model/WordList.swift */,
			);
			path = Model;
			sourceTree = "<group>";
		};
		FAE000001234567800000013 /* View */ = {
			isa = PBXGroup;
			children = (
				FAE000001234567800000009 /* Main.storyboard */,
			);
			path = View;
			sourceTree = "<group>";
		};
		FAE000001234567800000014 /* Controller */ = {
			isa = PBXGroup;
			children = (
				FAE000001234567800000006 /* Controller/ViewController.swift */,
			);
			path = Controller;
			sourceTree = "<group>";
		};
		FAE000001234567800000015 /* Resources */ = {
			isa = PBXGroup;
			children = (
			);
			path = Resources;
			sourceTree = "<group>";
		};
		FAE000001234567800000016 = {
			isa = PBXGroup;
			children = (
				FAE000001234567800000011 /* HangmanIOS */,
				4634715E2DAADC35009231FA /* HangmanIOSTests */,
				FAE000001234567800000010 /* Products */,
			);
			sourceTree = "<group>";
		};
/* End PBXGroup section */

/* Begin PBXNativeTarget section */
		4634715C2DAADC35009231FA /* HangmanIOSTests */ = {
			isa = PBXNativeTarget;
			buildConfigurationList = 463471632DAADC35009231FA /* Build configuration list for PBXNativeTarget "HangmanIOSTests" */;
			buildPhases = (
				463471592DAADC35009231FA /* Sources */,
				4634715A2DAADC35009231FA /* Frameworks */,
				4634715B2DAADC35009231FA /* Resources */,
			);
			buildRules = (
			);
			dependencies = (
				463471622DAADC35009231FA /* PBXTargetDependency */,
			);
			fileSystemSynchronizedGroups = (
				4634715E2DAADC35009231FA /* HangmanIOSTests */,
			);
			name = HangmanIOSTests;
			packageProductDependencies = (
			);
			productName = HangmanIOSTests;
			productReference = 4634715D2DAADC35009231FA /* HangmanIOSTests.xctest */;
			productType = "com.apple.product-type.bundle.unit-test";
		};
		FAE000001234567800000017 /* HangmanIOS */ = {
			isa = PBXNativeTarget;
			buildConfigurationList = FAE000001234567800000018 /* Build configuration list for PBXNativeTarget "HangmanIOS" */;
			buildPhases = (
				FAE000001234567800000019 /* Sources */,
				FAE00000123456780000000F /* Frameworks */,
				FAE00000123456780000001A /* Resources */,
			);
			buildRules = (
			);
			dependencies = (
			);
			name = HangmanIOS;
			productName = HangmanIOS;
			productReference = FAE000001234567800000000 /* HangmanIOS.app */;
			productType = "com.apple.product-type.application";
		};
/* End PBXNativeTarget section */

/* Begin PBXProject section */
		FAE00000123456780000001B /* Project object */ = {
			isa = PBXProject;
			attributes = {
				BuildIndependentTargetsInParallel = 1;
				LastSwiftUpdateCheck = 1630;
				LastUpgradeCheck = 1420;
				TargetAttributes = {
					4634715C2DAADC35009231FA = {
						CreatedOnToolsVersion = 16.3;
						TestTargetID = FAE000001234567800000017;
					};
					FAE000001234567800000017 = {
						CreatedOnToolsVersion = 14.2;
					};
				};
			};
			buildConfigurationList = FAE00000123456780000001C /* Build configuration list for PBXProject "HangmanIOS" */;
			compatibilityVersion = "Xcode 14.0";
			developmentRegion = en;
			hasScannedForEncodings = 0;
			knownRegions = (
				en,
				Base,
			);
			mainGroup = FAE000001234567800000016;
			productRefGroup = FAE000001234567800000010 /* Products */;
			projectDirPath = "";
			projectRoot = "";
			targets = (
				FAE000001234567800000017 /* HangmanIOS */,
				4634715C2DAADC35009231FA /* HangmanIOSTests */,
			);
		};
/* End PBXProject section */

/* Begin PBXResourcesBuildPhase section */
		4634715B2DAADC35009231FA /* Resources */ = {
			isa = PBXResourcesBuildPhase;
			buildActionMask = 2147483647;
			files = (
			);
			runOnlyForDeploymentPostprocessing = 0;
		};
		FAE00000123456780000001A /* Resources */ = {
			isa = PBXResourcesBuildPhase;
			buildActionMask = 2147483647;
			files = (
				463471562DAADA41009231FA /* Main.storyboard in Resources */,
			);
			runOnlyForDeploymentPostprocessing = 0;
		};
/* End PBXResourcesBuildPhase section */

/* Begin PBXSourcesBuildPhase section */
		463471592DAADC35009231FA /* Sources */ = {
			isa = PBXSourcesBuildPhase;
			buildActionMask = 2147483647;
			files = (
			);
			runOnlyForDeploymentPostprocessing = 0;
		};
		FAE000001234567800000019 /* Sources */ = {
			isa = PBXSourcesBuildPhase;
			buildActionMask = 2147483647;
			files = (
				FAE000001234567800000005 /* Controller/ViewController.swift in Sources */,
				FAE000001234567800000001 /* AppDelegate.swift in Sources */,
				463471582DAADA9C009231FA /* HangmanGameTests.swift in Sources */,
				FAE00000123456780000000B /* Model/HangmanGame.swift in Sources */,
				FAE00000123456780000000D /* Model/WordList.swift in Sources */,
				FAE000001234567800000003 /* SceneDelegate.swift in Sources */,
			);
			runOnlyForDeploymentPostprocessing = 0;
		};
/* End PBXSourcesBuildPhase section */

/* Begin PBXTargetDependency section */
		463471622DAADC35009231FA /* PBXTargetDependency */ = {
			isa = PBXTargetDependency;
			target = FAE000001234567800000017 /* HangmanIOS */;
			targetProxy = 463471612DAADC35009231FA /* PBXContainerItemProxy */;
		};
/* End PBXTargetDependency section */

/* Begin XCBuildConfiguration section */
		463471642DAADC35009231FA /* Debug */ = {
			isa = XCBuildConfiguration;
			buildSettings = {
				ASSETCATALOG_COMPILER_GENERATE_SWIFT_ASSET_SYMBOL_EXTENSIONS = YES;
				BUNDLE_LOADER = "$(TEST_HOST)";
				CODE_SIGN_STYLE = Automatic;
				CURRENT_PROJECT_VERSION = 1;
				ENABLE_USER_SCRIPT_SANDBOXING = YES;
				GCC_C_LANGUAGE_STANDARD = gnu17;
				GENERATE_INFOPLIST_FILE = YES;
				IPHONEOS_DEPLOYMENT_TARGET = 18.4;
				LOCALIZATION_PREFERS_STRING_CATALOGS = YES;
				MARKETING_VERSION = 1.0;
				PRODUCT_BUNDLE_IDENTIFIER = HangmanIOS.HangmanIOSTests;
				PRODUCT_NAME = "$(TARGET_NAME)";
				SWIFT_ACTIVE_COMPILATION_CONDITIONS = "DEBUG $(inherited)";
				SWIFT_EMIT_LOC_STRINGS = NO;
				SWIFT_VERSION = 5.0;
				TARGETED_DEVICE_FAMILY = "1,2";
				TEST_HOST = "$(BUILT_PRODUCTS_DIR)/HangmanIOS.app/$(BUNDLE_EXECUTABLE_FOLDER_PATH)/HangmanIOS";
			};
			name = Debug;
		};
		463471652DAADC35009231FA /* Release */ = {
			isa = XCBuildConfiguration;
			buildSettings = {
				ASSETCATALOG_COMPILER_GENERATE_SWIFT_ASSET_SYMBOL_EXTENSIONS = YES;
				BUNDLE_LOADER = "$(TEST_HOST)";
				CODE_SIGN_STYLE = Automatic;
				CURRENT_PROJECT_VERSION = 1;
				ENABLE_USER_SCRIPT_SANDBOXING = YES;
				GCC_C_LANGUAGE_STANDARD = gnu17;
				GENERATE_INFOPLIST_FILE = YES;
				IPHONEOS_DEPLOYMENT_TARGET = 18.4;
				LOCALIZATION_PREFERS_STRING_CATALOGS = YES;
				MARKETING_VERSION = 1.0;
				PRODUCT_BUNDLE_IDENTIFIER = HangmanIOS.HangmanIOSTests;
				PRODUCT_NAME = "$(TARGET_NAME)";
				SWIFT_EMIT_LOC_STRINGS = NO;
				SWIFT_VERSION = 5.0;
				TARGETED_DEVICE_FAMILY = "1,2";
				TEST_HOST = "$(BUILT_PRODUCTS_DIR)/HangmanIOS.app/$(BUNDLE_EXECUTABLE_FOLDER_PATH)/HangmanIOS";
			};
			name = Release;
		};
		FAE00000123456780000001D /* Debug */ = {
			isa = XCBuildConfiguration;
			buildSettings = {
				ALWAYS_SEARCH_USER_PATHS = NO;
				CLANG_ANALYZER_NONNULL = YES;
				CLANG_ANALYZER_NUMBER_OBJECT_CONVERSION = YES_AGGRESSIVE;
				CLANG_CXX_LANGUAGE_STANDARD = "gnu++20";
				CLANG_ENABLE_MODULES = YES;
				CLANG_ENABLE_OBJC_ARC = YES;
				CLANG_ENABLE_OBJC_WEAK = YES;
				CLANG_WARN_BLOCK_CAPTURE_AUTORELEASING = YES;
				CLANG_WARN_BOOL_CONVERSION = YES;
				CLANG_WARN_COMMA = YES;
				CLANG_WARN_CONSTANT_CONVERSION = YES;
				CLANG_WARN_DEPRECATED_OBJC_IMPLEMENTATIONS = YES;
				CLANG_WARN_DIRECT_OBJC_ISA_USAGE = YES_ERROR;
				CLANG_WARN_DOCUMENTATION_COMMENTS = YES;
				CLANG_WARN_EMPTY_BODY = YES;
				CLANG_WARN_ENUM_CONVERSION = YES;
				CLANG_WARN_INFINITE_RECURSION = YES;
				CLANG_WARN_INT_CONVERSION = YES;
				CLANG_WARN_NON_LITERAL_NULL_CONVERSION = YES;
				CLANG_WARN_OBJC_IMPLICIT_RETAIN_SELF = YES;
				CLANG_WARN_OBJC_LITERAL_CONVERSION = YES;
				CLANG_WARN_OBJC_ROOT_CLASS = YES_ERROR;
				CLANG_WARN_QUOTED_INCLUDE_IN_FRAMEWORK_HEADER = YES;
				CLANG_WARN_RANGE_LOOP_ANALYSIS = YES;
				CLANG_WARN_STRICT_PROTOTYPES = YES;
				CLANG_WARN_SUSPICIOUS_MOVE = YES;
				CLANG_WARN_UNGUARDED_AVAILABILITY = YES_AGGRESSIVE;
				CLANG_WARN_UNREACHABLE_CODE = YES;
				CLANG_WARN__DUPLICATE_METHOD_MATCH = YES;
				COPY_PHASE_STRIP = NO;
				DEBUG_INFORMATION_FORMAT = dwarf;
				ENABLE_STRICT_OBJC_MSGSEND = YES;
				ENABLE_TESTABILITY = YES;
				GCC_C_LANGUAGE_STANDARD = gnu11;
				GCC_DYNAMIC_NO_PIC = NO;
				GCC_NO_COMMON_BLOCKS = YES;
				GCC_OPTIMIZATION_LEVEL = 0;
				GCC_PREPROCESSOR_DEFINITIONS = (
					"DEBUG=1",
					"$(inherited)",
				);
				GCC_WARN_64_TO_32_BIT_CONVERSION = YES;
				GCC_WARN_ABOUT_RETURN_TYPE = YES_ERROR;
				GCC_WARN_UNDECLARED_SELECTOR = YES;
				GCC_WARN_UNINITIALIZED_AUTOS = YES_AGGRESSIVE;
				GCC_WARN_UNUSED_FUNCTION = YES;
				GCC_WARN_UNUSED_VARIABLE = YES;
				IPHONEOS_DEPLOYMENT_TARGET = 16.2;
				MTL_ENABLE_DEBUG_INFO = INCLUDE_SOURCE;
				MTL_FAST_MATH = YES;
				ONLY_ACTIVE_ARCH = YES;
				SDKROOT = iphoneos;
				SWIFT_ACTIVE_COMPILATION_CONDITIONS = DEBUG;
				SWIFT_OPTIMIZATION_LEVEL = "-Onone";
			};
			name = Debug;
		};
		FAE00000123456780000001E /* Release */ = {
			isa = XCBuildConfiguration;
			buildSettings = {
				ALWAYS_SEARCH_USER_PATHS = NO;
				CLANG_ANALYZER_NONNULL = YES;
				CLANG_ANALYZER_NUMBER_OBJECT_CONVERSION = YES_AGGRESSIVE;
				CLANG_CXX_LANGUAGE_STANDARD = "gnu++20";
				CLANG_ENABLE_MODULES = YES;
				CLANG_ENABLE_OBJC_ARC = YES;
				CLANG_ENABLE_OBJC_WEAK = YES;
				CLANG_WARN_BLOCK_CAPTURE_AUTORELEASING = YES;
				CLANG_WARN_BOOL_CONVERSION = YES;
				CLANG_WARN_COMMA = YES;
				CLANG_WARN_CONSTANT_CONVERSION = YES;
				CLANG_WARN_DEPRECATED_OBJC_IMPLEMENTATIONS = YES;
				CLANG_WARN_DIRECT_OBJC_ISA_USAGE = YES_ERROR;
				CLANG_WARN_DOCUMENTATION_COMMENTS = YES;
				CLANG_WARN_EMPTY_BODY = YES;
				CLANG_WARN_ENUM_CONVERSION = YES;
				CLANG_WARN_INFINITE_RECURSION = YES;
				CLANG_WARN_INT_CONVERSION = YES;
				CLANG_WARN_NON_LITERAL_NULL_CONVERSION = YES;
				CLANG_WARN_OBJC_IMPLICIT_RETAIN_SELF = YES;
				CLANG_WARN_OBJC_LITERAL_CONVERSION = YES;
				CLANG_WARN_OBJC_ROOT_CLASS = YES_ERROR;
				CLANG_WARN_QUOTED_INCLUDE_IN_FRAMEWORK_HEADER = YES;
				CLANG_WARN_RANGE_LOOP_ANALYSIS = YES;
				CLANG_WARN_STRICT_PROTOTYPES = YES;
				CLANG_WARN_SUSPICIOUS_MOVE = YES;
				CLANG_WARN_UNGUARDED_AVAILABILITY = YES_AGGRESSIVE;
				CLANG_WARN_UNREACHABLE_CODE = YES;
				CLANG_WARN__DUPLICATE_METHOD_MATCH = YES;
				COPY_PHASE_STRIP = NO;
				DEBUG_INFORMATION_FORMAT = "dwarf-with-dsym";
				ENABLE_NS_ASSERTIONS = NO;
				ENABLE_STRICT_OBJC_MSGSEND = YES;
				GCC_C_LANGUAGE_STANDARD = gnu11;
				GCC_NO_COMMON_BLOCKS = YES;
				GCC_WARN_64_TO_32_BIT_CONVERSION = YES;
				GCC_WARN_ABOUT_RETURN_TYPE = YES_ERROR;
				GCC_WARN_UNDECLARED_SELECTOR = YES;
				GCC_WARN_UNINITIALIZED_AUTOS = YES_AGGRESSIVE;
				GCC_WARN_UNUSED_FUNCTION = YES;
				GCC_WARN_UNUSED_VARIABLE = YES;
				IPHONEOS_DEPLOYMENT_TARGET = 16.2;
				MTL_ENABLE_DEBUG_INFO = NO;
				MTL_FAST_MATH = YES;
				SDKROOT = iphoneos;
				SWIFT_COMPILATION_MODE = wholemodule;
				SWIFT_OPTIMIZATION_LEVEL = "-O";
				VALIDATE_PRODUCT = YES;
			};
			name = Release;
		};
		FAE00000123456780000001F /* Debug */ = {
			isa = XCBuildConfiguration;
			buildSettings = {
				ASSETCATALOG_COMPILER_APPICON_NAME = AppIcon;
				ASSETCATALOG_COMPILER_GLOBAL_ACCENT_COLOR_NAME = AccentColor;
				CODE_SIGN_STYLE = Automatic;
				CURRENT_PROJECT_VERSION = 1;
				GENERATE_INFOPLIST_FILE = YES;
				INFOPLIST_FILE = HangmanIOS/Info.plist;
				INFOPLIST_KEY_UIApplicationSupportsIndirectInputEvents = YES;
				INFOPLIST_KEY_UILaunchStoryboardName = Main;
				INFOPLIST_KEY_UIMainStoryboardFile = Main;
				INFOPLIST_KEY_UISupportedInterfaceOrientations_iPad = "UIInterfaceOrientationPortrait UIInterfaceOrientationPortraitUpsideDown UIInterfaceOrientationLandscapeLeft UIInterfaceOrientationLandscapeRight";
				INFOPLIST_KEY_UISupportedInterfaceOrientations_iPhone = "UIInterfaceOrientationPortrait UIInterfaceOrientationLandscapeLeft UIInterfaceOrientationLandscapeRight";
				IPHONEOS_DEPLOYMENT_TARGET = 15.0;
				LD_RUNPATH_SEARCH_PATHS = (
					"$(inherited)",
					"@executable_path/Frameworks",
				);
				MARKETING_VERSION = 1.0;
				PRODUCT_BUNDLE_IDENTIFIER = com.example.HangmanIOS;
				PRODUCT_NAME = "$(TARGET_NAME)";
				SWIFT_EMIT_LOC_STRINGS = YES;
				SWIFT_VERSION = 5.0;
				TARGETED_DEVICE_FAMILY = "1,2";
			};
			name = Debug;
		};
		FAE000001234567800000020 /* Release */ = {
			isa = XCBuildConfiguration;
			buildSettings = {
				ASSETCATALOG_COMPILER_APPICON_NAME = AppIcon;
				ASSETCATALOG_COMPILER_GLOBAL_ACCENT_COLOR_NAME = AccentColor;
				CODE_SIGN_STYLE = Automatic;
				CURRENT_PROJECT_VERSION = 1;
				GENERATE_INFOPLIST_FILE = YES;
				INFOPLIST_FILE = HangmanIOS/Info.plist;
				INFOPLIST_KEY_UIApplicationSupportsIndirectInputEvents = YES;
				INFOPLIST_KEY_UILaunchStoryboardName = Main;
				INFOPLIST_KEY_UIMainStoryboardFile = Main;
				INFOPLIST_KEY_UISupportedInterfaceOrientations_iPad = "UIInterfaceOrientationPortrait UIInterfaceOrientationPortraitUpsideDown UIInterfaceOrientationLandscapeLeft UIInterfaceOrientationLandscapeRight";
				INFOPLIST_KEY_UISupportedInterfaceOrientations_iPhone = "UIInterfaceOrientationPortrait UIInterfaceOrientationLandscapeLeft UIInterfaceOrientationLandscapeRight";
				IPHONEOS_DEPLOYMENT_TARGET = 15.0;
				LD_RUNPATH_SEARCH_PATHS = (
					"$(inherited)",
					"@executable_path/Frameworks",
				);
				MARKETING_VERSION = 1.0;
				PRODUCT_BUNDLE_IDENTIFIER = com.example.HangmanIOS;
				PRODUCT_NAME = "$(TARGET_NAME)";
				SWIFT_EMIT_LOC_STRINGS = YES;
				SWIFT_VERSION = 5.0;
				TARGETED_DEVICE_FAMILY = "1,2";
			};
			name = Release;
		};
/* End XCBuildConfiguration section */

/* Begin XCConfigurationList section */
		463471632DAADC35009231FA /* Build configuration list for PBXNativeTarget "HangmanIOSTests" */ = {
			isa = XCConfigurationList;
			buildConfigurations = (
				463471642DAADC35009231FA /* Debug */,
				463471652DAADC35009231FA /* Release */,
			);
			defaultConfigurationIsVisible = 0;
			defaultConfigurationName = Release;
		};
		FAE000001234567800000018 /* Build configuration list for PBXNativeTarget "HangmanIOS" */ = {
			isa = XCConfigurationList;
			buildConfigurations = (
				FAE00000123456780000001F /* Debug */,
				FAE000001234567800000020 /* Release */,
			);
			defaultConfigurationIsVisible = 0;
			defaultConfigurationName = Release;
		};
		FAE00000123456780000001C /* Build configuration list for PBXProject "HangmanIOS" */ = {
			isa = XCConfigurationList;
			buildConfigurations = (
				FAE00000123456780000001D /* Debug */,
				FAE00000123456780000001E /* Release */,
			);
			defaultConfigurationIsVisible = 0;
			defaultConfigurationName = Release;
		};
/* End XCConfigurationList section */
	};
	rootObject = FAE00000123456780000001B /* Project object */;
}
